
Microsoft Visual Studio Solution File, Format Version 12.00
# Visual Studio Version 17
VisualStudioVersion = 17.0.31521.260
MinimumVisualStudioVersion = 10.0.40219.1
Project("{9A19103F-16F7-4668-BE54-9A1E7A4F7556}") = "FC.Extension.AWS", "FC.Extension.AWS\FC.Extension.AWS.csproj", "{BD0BD6CA-00AA-44CF-BE4E-A05938AEFE59}"
EndProject
Global
	GlobalSection(SolutionConfigurationPlatforms) = preSolution
		Debug|Any CPU = Debug|Any CPU
		Release|Any CPU = Release|Any CPU
	EndGlobalSection
	GlobalSection(ProjectConfigurationPlatforms) = postSolution
		{BD0BD6CA-00AA-44CF-BE4E-A05938AEFE59}.Debug|Any CPU.ActiveCfg = Debug|Any CPU
		{BD0BD6CA-00AA-44CF-BE4E-A05938AEFE59}.Debug|Any CPU.Build.0 = Debug|Any CPU
		{BD0BD6CA-00AA-44CF-BE4E-A05938AEFE59}.Release|Any CPU.ActiveCfg = Release|Any CPU
		{BD0BD6CA-00AA-44CF-BE4E-A05938AEFE59}.Release|Any CPU.Build.0 = Release|Any CPU
	EndGlobalSection
	GlobalSection(SolutionProperties) = preSolution
		HideSolutionNode = FALSE
	EndGlobalSection
	GlobalSection(ExtensibilityGlobals) = postSolution
		SolutionGuid = {5FEF843D-0FEB-45C8-B1EE-BB1C7982B8BD}
	EndGlobalSection
EndGlobal
